<?xml version="1.0" encoding="utf-8"?>
<Project ToolsVersion="4.0" xmlns="http://schemas.microsoft.com/developer/msbuild/2003">
  <ItemGroup>
    <Filter Include="sandbox">
      <UniqueIdentifier>{145A6C82-8039-EB1D-8951-76F4F5AF517F}</UniqueIdentifier>
    </Filter>
    <Filter Include="sandbox\external">
      <UniqueIdentifier>{E69EDDC7-D297-FC19-FBC9-E19EE721DC25}</UniqueIdentifier>
    </Filter>
    <Filter Include="sandbox\external\entt">
      <UniqueIdentifier>{F0A31EE5-5C10-DADF-2504-723D912FFC47}</UniqueIdentifier>
    </Filter>
    <Filter Include="src">
      <UniqueIdentifier>{2DAB880B-99B4-887C-2230-9F7C8E38947C}</UniqueIdentifier>
    </Filter>
  </ItemGroup>
  <ItemGroup>
    <ClInclude Include="..\..\sandbox\external\entt\entt.hpp">
      <Filter>sandbox\external\entt</Filter>
    </ClInclude>
    <ClInclude Include="src\editor_layer.h">
      <Filter>src</Filter>
    </ClInclude>
  </ItemGroup>
  <ItemGroup>
    <ClCompile Include="src\editor.cpp">
      <Filter>src</Filter>
    </ClCompile>
    <ClCompile Include="src\editor_layer.cpp">
      <Filter>src</Filter>
    </ClCompile>
    <ClCompile Include="src\editor_layer_windows.cpp">
      <Filter>src</Filter>
    </ClCompile>
  </ItemGroup>
</Project>