<?xml version="1.0" encoding="utf-8"?>
<Project ToolsVersion="4.0" xmlns="http://schemas.microsoft.com/developer/msbuild/2003">
  <ItemGroup>
    <Filter Include="external">
      <UniqueIdentifier>{2839F3DC-1406-4EE8-3D1F-3C90294B8376}</UniqueIdentifier>
    </Filter>
    <Filter Include="external\stb_image">
      <UniqueIdentifier>{C27B45E0-AE5F-0636-17C0-008903C3F0B7}</UniqueIdentifier>
    </Filter>
    <Filter Include="src">
      <UniqueIdentifier>{2DAB880B-99B4-887C-2230-9F7C8E38947C}</UniqueIdentifier>
    </Filter>
    <Filter Include="src\core">
      <UniqueIdentifier>{C55F2ECF-B12C-89DA-DA45-7782C671BE68}</UniqueIdentifier>
    </Filter>
    <Filter Include="src\core\application">
      <UniqueIdentifier>{28132BC9-14A2-B492-BDC0-C88DA92EC538}</UniqueIdentifier>
    </Filter>
    <Filter Include="src\core\components">
      <UniqueIdentifier>{DAE3DA0F-4645-B81D-CFB2-FECF3B13EFDC}</UniqueIdentifier>
    </Filter>
    <Filter Include="src\core\events">
      <UniqueIdentifier>{29103182-959B-9E46-9EAC-213B0AB7FA46}</UniqueIdentifier>
    </Filter>
    <Filter Include="src\core\gui">
      <UniqueIdentifier>{B9454E7B-A5A8-DD1F-4E2E-16D63A70A9A2}</UniqueIdentifier>
    </Filter>
    <Filter Include="src\core\render">
      <UniqueIdentifier>{B442559F-20CE-C263-29DF-455895E91E64}</UniqueIdentifier>
    </Filter>
    <Filter Include="src\core\render\primitives">
      <UniqueIdentifier>{2F4C5D34-1B5C-0905-8415-6E237044F89D}</UniqueIdentifier>
    </Filter>
    <Filter Include="src\core\render\topology">
      <UniqueIdentifier>{409F521E-2CC4-A19E-550F-872E4193A0BC}</UniqueIdentifier>
    </Filter>
    <Filter Include="src\core\scene">
      <UniqueIdentifier>{C2DCC588-AEAA-B98E-973E-2AB583AB95F3}</UniqueIdentifier>
    </Filter>
    <Filter Include="src\platform">
      <UniqueIdentifier>{41663D6D-2DC9-CC11-D64E-05C8C2909894}</UniqueIdentifier>
    </Filter>
    <Filter Include="src\platform\directx">
      <UniqueIdentifier>{4392E7F1-2F21-71BB-D83F-85B6C4AD8161}</UniqueIdentifier>
    </Filter>
    <Filter Include="src\platform\opengl">
      <UniqueIdentifier>{B57427EB-21D6-04F9-AA43-4BAB16A43BB8}</UniqueIdentifier>
    </Filter>
    <Filter Include="src\platform\windows">
      <UniqueIdentifier>{9B5931A8-87E8-BA71-3007-CF6C1C75CB17}</UniqueIdentifier>
    </Filter>
    <Filter Include="src\utilities">
      <UniqueIdentifier>{F88BC812-644C-4449-2D87-8DC699068925}</UniqueIdentifier>
    </Filter>
    <Filter Include="src\utilities\event">
      <UniqueIdentifier>{693738EF-D598-15FD-5E06-5CAFCA664CBC}</UniqueIdentifier>
    </Filter>
    <Filter Include="src\utilities\image">
      <UniqueIdentifier>{0A987BEF-76F9-58FD-FF66-9FAF6BC78FBC}</UniqueIdentifier>
    </Filter>
    <Filter Include="src\utilities\logger">
      <UniqueIdentifier>{E78E15E6-D31D-9FAF-7C3C-B3AA68AAAF55}</UniqueIdentifier>
    </Filter>
    <Filter Include="src\utilities\macros">
      <UniqueIdentifier>{0C5F6BE7-F8ED-F4B0-A10C-09AC8D7A0557}</UniqueIdentifier>
    </Filter>
    <Filter Include="src\utilities\math">
      <UniqueIdentifier>{F1B7E692-DD9B-A7E8-46FC-A13B32FF916A}</UniqueIdentifier>
    </Filter>
    <Filter Include="src\utilities\memory">
      <UniqueIdentifier>{8030B9E7-6CBF-42B1-15DE-56AC014C5357}</UniqueIdentifier>
    </Filter>
    <Filter Include="src\utilities\string">
      <UniqueIdentifier>{9E37CAF6-8AC6-53C0-33E5-67BB1F536466}</UniqueIdentifier>
    </Filter>
  </ItemGroup>
  <ItemGroup>
    <ClInclude Include="external\stb_image\stb_image.h">
      <Filter>external\stb_image</Filter>
    </ClInclude>
    <ClInclude Include="src\base.h">
      <Filter>src</Filter>
    </ClInclude>
    <ClInclude Include="src\core\application\application.h">
      <Filter>src\core\application</Filter>
    </ClInclude>
    <ClInclude Include="src\core\application\entry_point.h">
      <Filter>src\core\application</Filter>
    </ClInclude>
    <ClInclude Include="src\core\application\input.h">
      <Filter>src\core\application</Filter>
    </ClInclude>
    <ClInclude Include="src\core\application\input_keycodes.h">
      <Filter>src\core\application</Filter>
    </ClInclude>
    <ClInclude Include="src\core\application\layer.h">
      <Filter>src\core\application</Filter>
    </ClInclude>
    <ClInclude Include="src\core\application\layers_stack.h">
      <Filter>src\core\application</Filter>
    </ClInclude>
    <ClInclude Include="src\core\application\log.h">
      <Filter>src\core\application</Filter>
    </ClInclude>
    <ClInclude Include="src\core\application\platform_detection.h">
      <Filter>src\core\application</Filter>
    </ClInclude>
    <ClInclude Include="src\core\application\timer.h">
      <Filter>src\core\application</Filter>
    </ClInclude>
    <ClInclude Include="src\core\application\window.h">
      <Filter>src\core\application</Filter>
    </ClInclude>
    <ClInclude Include="src\core\components\camera_controller_component.h">
      <Filter>src\core\components</Filter>
    </ClInclude>
    <ClInclude Include="src\core\components\components.h">
      <Filter>src\core\components</Filter>
    </ClInclude>
    <ClInclude Include="src\core\components\mesh_component.h">
      <Filter>src\core\components</Filter>
    </ClInclude>
    <ClInclude Include="src\core\components\mesh_renderer_component.h">
      <Filter>src\core\components</Filter>
    </ClInclude>
    <ClInclude Include="src\core\components\native_script_component.h">
      <Filter>src\core\components</Filter>
    </ClInclude>
    <ClInclude Include="src\core\components\object_name_component.h">
      <Filter>src\core\components</Filter>
    </ClInclude>
    <ClInclude Include="src\core\components\transform_component.h">
      <Filter>src\core\components</Filter>
    </ClInclude>
    <ClInclude Include="src\core\events\application_event.h">
      <Filter>src\core\events</Filter>
    </ClInclude>
    <ClInclude Include="src\core\events\events.h">
      <Filter>src\core\events</Filter>
    </ClInclude>
    <ClInclude Include="src\core\events\keyboard_event.h">
      <Filter>src\core\events</Filter>
    </ClInclude>
    <ClInclude Include="src\core\events\mouse_event.h">
      <Filter>src\core\events</Filter>
    </ClInclude>
    <ClInclude Include="src\core\events\window_event.h">
      <Filter>src\core\events</Filter>
    </ClInclude>
    <ClInclude Include="src\core\gui\gui_layer.h">
      <Filter>src\core\gui</Filter>
    </ClInclude>
    <ClInclude Include="src\core\render\material\material.h">
      <Filter>src\core\render</Filter>
    </ClInclude>
    <ClInclude Include="src\core\render\mesh.h">
      <Filter>src\core\render</Filter>
    </ClInclude>
    <ClInclude Include="src\core\render\primitives\buffer.h">
      <Filter>src\core\render\primitives</Filter>
    </ClInclude>
    <ClInclude Include="src\core\render\primitives\frame_buffer.h">
      <Filter>src\core\render\primitives</Filter>
    </ClInclude>
    <ClInclude Include="src\core\render\primitives\shader.h">
      <Filter>src\core\render\primitives</Filter>
    </ClInclude>
    <ClInclude Include="src\core\render\primitives\texture.h">
      <Filter>src\core\render\primitives</Filter>
    </ClInclude>
    <ClInclude Include="src\core\render\primitives\vertex_array.h">
      <Filter>src\core\render\primitives</Filter>
    </ClInclude>
    <ClInclude Include="src\core\render\render_bridge.h">
      <Filter>src\core\render</Filter>
    </ClInclude>
    <ClInclude Include="src\core\render\render_context.h">
      <Filter>src\core\render</Filter>
    </ClInclude>
    <ClInclude Include="src\core\render\renderer.h">
      <Filter>src\core\render</Filter>
    </ClInclude>
    <ClInclude Include="src\core\render\renderer_camera.h">
      <Filter>src\core\render</Filter>
    </ClInclude>
    <ClInclude Include="src\core\render\topology\basis.h">
      <Filter>src\core\render\topology</Filter>
    </ClInclude>
    <ClInclude Include="src\core\render\topology\cube.h">
      <Filter>src\core\render\topology</Filter>
    </ClInclude>
    <ClInclude Include="src\core\render\topology\grid.h">
      <Filter>src\core\render\topology</Filter>
    </ClInclude>
    <ClInclude Include="src\core\render\topology\sphere.h">
      <Filter>src\core\render\topology</Filter>
    </ClInclude>
    <ClInclude Include="src\core\render\vertex.h">
      <Filter>src\core\render</Filter>
    </ClInclude>
    <ClInclude Include="src\core\scene\scene.h">
      <Filter>src\core\scene</Filter>
    </ClInclude>
    <ClInclude Include="src\core\scene\scene_object.h">
      <Filter>src\core\scene</Filter>
    </ClInclude>
    <ClInclude Include="src\core\scene\scene_object_behaviour.h">
      <Filter>src\core\scene</Filter>
    </ClInclude>
    <ClInclude Include="src\platform\directx\dx.h">
      <Filter>src\platform\directx</Filter>
    </ClInclude>
    <ClInclude Include="src\platform\opengl\gl.h">
      <Filter>src\platform\opengl</Filter>
    </ClInclude>
    <ClInclude Include="src\platform\opengl\gl_buffer.h">
      <Filter>src\platform\opengl</Filter>
    </ClInclude>
    <ClInclude Include="src\platform\opengl\gl_frame_buffer.h">
      <Filter>src\platform\opengl</Filter>
    </ClInclude>
    <ClInclude Include="src\platform\opengl\gl_shader.h">
      <Filter>src\platform\opengl</Filter>
    </ClInclude>
    <ClInclude Include="src\platform\opengl\gl_texture.h">
      <Filter>src\platform\opengl</Filter>
    </ClInclude>
    <ClInclude Include="src\platform\opengl\gl_vertex_array.h">
      <Filter>src\platform\opengl</Filter>
    </ClInclude>
    <ClInclude Include="src\platform\windows\windows_input.h">
      <Filter>src\platform\windows</Filter>
    </ClInclude>
    <ClInclude Include="src\platform\windows\windows_window.h">
      <Filter>src\platform\windows</Filter>
    </ClInclude>
    <ClInclude Include="src\sclpch.h">
      <Filter>src</Filter>
    </ClInclude>
    <ClInclude Include="src\sculpto.h">
      <Filter>src</Filter>
    </ClInclude>
    <ClInclude Include="src\utilities\event\event.h">
      <Filter>src\utilities\event</Filter>
    </ClInclude>
    <ClInclude Include="src\utilities\event\event_dispatcher.h">
      <Filter>src\utilities\event</Filter>
    </ClInclude>
    <ClInclude Include="src\utilities\image\image.h">
      <Filter>src\utilities\image</Filter>
    </ClInclude>
    <ClInclude Include="src\utilities\logger\console_colors.h">
      <Filter>src\utilities\logger</Filter>
    </ClInclude>
    <ClInclude Include="src\utilities\logger\current_time.h">
      <Filter>src\utilities\logger</Filter>
    </ClInclude>
    <ClInclude Include="src\utilities\logger\logger.h">
      <Filter>src\utilities\logger</Filter>
    </ClInclude>
    <ClInclude Include="src\utilities\macros\assert.h">
      <Filter>src\utilities\macros</Filter>
    </ClInclude>
    <ClInclude Include="src\utilities\macros\debug_memory_hook.h">
      <Filter>src\utilities\macros</Filter>
    </ClInclude>
    <ClInclude Include="src\utilities\macros\throw_if_failed.h">
      <Filter>src\utilities\macros</Filter>
    </ClInclude>
    <ClInclude Include="src\utilities\math\angle_measure.h">
      <Filter>src\utilities\math</Filter>
    </ClInclude>
    <ClInclude Include="src\utilities\math\math.h">
      <Filter>src\utilities\math</Filter>
    </ClInclude>
    <ClInclude Include="src\utilities\math\math_common.h">
      <Filter>src\utilities\math</Filter>
    </ClInclude>
    <ClInclude Include="src\utilities\math\matr4.h">
      <Filter>src\utilities\math</Filter>
    </ClInclude>
    <ClInclude Include="src\utilities\math\vec2.h">
      <Filter>src\utilities\math</Filter>
    </ClInclude>
    <ClInclude Include="src\utilities\math\vec3.h">
      <Filter>src\utilities\math</Filter>
    </ClInclude>
    <ClInclude Include="src\utilities\math\vec4.h">
      <Filter>src\utilities\math</Filter>
    </ClInclude>
    <ClInclude Include="src\utilities\memory\memory_swap.h">
      <Filter>src\utilities\memory</Filter>
    </ClInclude>
    <ClInclude Include="src\utilities\memory\smart_ptr.h">
      <Filter>src\utilities\memory</Filter>
    </ClInclude>
    <ClInclude Include="src\utilities\string\fixed_string.h">
      <Filter>src\utilities\string</Filter>
    </ClInclude>
    <ClInclude Include="src\utilities\string\string_id.h">
      <Filter>src\utilities\string</Filter>
    </ClInclude>
    <ClInclude Include="src\utilities\math\matr3.h" />
    <ClInclude Include="src\core\render\lights\light.h" />
    <ClInclude Include="src\core\render\material\material_phong.h" />
    <ClInclude Include="src\core\render\topology\cone.h" />
    <ClInclude Include="src\core\components\lights\point_light_component.h" />
    <ClInclude Include="src\core\components\lights\directional_light_component.h" />
    <ClInclude Include="src\core\components\lights\spot_light_component.h" />
  </ItemGroup>
  <ItemGroup>
    <ClCompile Include="external\stb_image\stb_image.cpp">
      <Filter>external\stb_image</Filter>
    </ClCompile>
    <ClCompile Include="src\core\application\application.cpp">
      <Filter>src\core\application</Filter>
    </ClCompile>
    <ClCompile Include="src\core\application\input.cpp">
      <Filter>src\core\application</Filter>
    </ClCompile>
    <ClCompile Include="src\core\application\layers_stack.cpp">
      <Filter>src\core\application</Filter>
    </ClCompile>
    <ClCompile Include="src\core\application\log.cpp">
      <Filter>src\core\application</Filter>
    </ClCompile>
    <ClCompile Include="src\core\application\timer.cpp">
      <Filter>src\core\application</Filter>
    </ClCompile>
    <ClCompile Include="src\core\application\window.cpp">
      <Filter>src\core\application</Filter>
    </ClCompile>
    <ClCompile Include="src\core\gui\gui_layer.cpp">
      <Filter>src\core\gui</Filter>
    </ClCompile>
    <ClCompile Include="src\core\render\primitives\buffer.cpp">
      <Filter>src\core\render\primitives</Filter>
    </ClCompile>
    <ClCompile Include="src\core\render\primitives\frame_buffer.cpp">
      <Filter>src\core\render\primitives</Filter>
    </ClCompile>
    <ClCompile Include="src\core\render\primitives\shader.cpp">
      <Filter>src\core\render\primitives</Filter>
    </ClCompile>
    <ClCompile Include="src\core\render\primitives\texture.cpp">
      <Filter>src\core\render\primitives</Filter>
    </ClCompile>
    <ClCompile Include="src\core\render\primitives\vertex_array.cpp">
      <Filter>src\core\render\primitives</Filter>
    </ClCompile>
    <ClCompile Include="src\core\render\render_bridge.cpp">
      <Filter>src\core\render</Filter>
    </ClCompile>
    <ClCompile Include="src\core\render\render_context.cpp">
      <Filter>src\core\render</Filter>
    </ClCompile>
    <ClCompile Include="src\core\render\renderer.cpp">
      <Filter>src\core\render</Filter>
    </ClCompile>
    <ClCompile Include="src\core\render\renderer_camera.cpp">
      <Filter>src\core\render</Filter>
    </ClCompile>
    <ClCompile Include="src\core\render\topology\cube.cpp">
      <Filter>src\core\render\topology</Filter>
    </ClCompile>
    <ClCompile Include="src\core\render\topology\grid.cpp">
      <Filter>src\core\render\topology</Filter>
    </ClCompile>
    <ClCompile Include="src\core\render\topology\sphere.cpp">
      <Filter>src\core\render\topology</Filter>
    </ClCompile>
    <ClCompile Include="src\core\scene\scene.cpp">
      <Filter>src\core\scene</Filter>
    </ClCompile>
    <ClCompile Include="src\platform\opengl\gl.cpp">
      <Filter>src\platform\opengl</Filter>
    </ClCompile>
    <ClCompile Include="src\platform\opengl\gl_buffer.cpp">
      <Filter>src\platform\opengl</Filter>
    </ClCompile>
    <ClCompile Include="src\platform\opengl\gl_frame_buffer.cpp">
      <Filter>src\platform\opengl</Filter>
    </ClCompile>
    <ClCompile Include="src\platform\opengl\gl_shader.cpp">
      <Filter>src\platform\opengl</Filter>
    </ClCompile>
    <ClCompile Include="src\platform\opengl\gl_texture.cpp">
      <Filter>src\platform\opengl</Filter>
    </ClCompile>
    <ClCompile Include="src\platform\opengl\gl_vertex_array.cpp">
      <Filter>src\platform\opengl</Filter>
    </ClCompile>
    <ClCompile Include="src\platform\windows\windows_input.cpp">
      <Filter>src\platform\windows</Filter>
    </ClCompile>
    <ClCompile Include="src\platform\windows\windows_msg_crackers.cpp">
      <Filter>src\platform\windows</Filter>
    </ClCompile>
    <ClCompile Include="src\platform\windows\windows_window.cpp">
      <Filter>src\platform\windows</Filter>
    </ClCompile>
    <ClCompile Include="src\sclpch.cpp">
      <Filter>src</Filter>
    </ClCompile>
    <ClCompile Include="src\utilities\logger\logger.cpp">
      <Filter>src\utilities\logger</Filter>
    </ClCompile>
    <ClCompile Include="src\core\render\topology\cone.cpp" />
  </ItemGroup>
</Project>